
Microsoft Visual Studio Solution File, Format Version 12.00
# Visual Studio Version 17
VisualStudioVersion = 17.13.35828.75 d17.13
MinimumVisualStudioVersion = 10.0.40219.1
Project("{8BC9CEB8-8B4A-11D0-8D11-00A0C91BC942}") = "lsystem3d", "lsystem3d\lsystem3d.vcxproj", "{6582526D-9F76-4B19-A111-8B212E4C8DBD}"
EndProject
Global
	GlobalSection(SolutionConfigurationPlatforms) = preSolution
		Debug|x64 = Debug|x64
		Debug|x86 = Debug|x86
		Release|x64 = Release|x64
		Release|x86 = Release|x86
	EndGlobalSection
	GlobalSection(ProjectConfigurationPlatforms) = postSolution
		{6582526D-9F76-4B19-A111-8B212E4C8DBD}.Debug|x64.ActiveCfg = Debug|x64
		{6582526D-9F76-4B19-A111-8B212E4C8DBD}.Debug|x64.Build.0 = Debug|x64
		{6582526D-9F76-4B19-A111-8B212E4C8DBD}.Debug|x86.ActiveCfg = Debug|Win32
		{6582526D-9F76-4B19-A111-8B212E4C8DBD}.Debug|x86.Build.0 = Debug|Win32
		{6582526D-9F76-4B19-A111-8B212E4C8DBD}.Release|x64.ActiveCfg = Release|x64
		{6582526D-9F76-4B19-A111-8B212E4C8DBD}.Release|x64.Build.0 = Release|x64
		{6582526D-9F76-4B19-A111-8B212E4C8DBD}.Release|x86.ActiveCfg = Release|Win32
		{6582526D-9F76-4B19-A111-8B212E4C8DBD}.Release|x86.Build.0 = Release|Win32
	EndGlobalSection
	GlobalSection(SolutionProperties) = preSolution
		HideSolutionNode = FALSE
	EndGlobalSection
	GlobalSection(ExtensibilityGlobals) = postSolution
		SolutionGuid = {7807C78D-79F5-46B3-8C14-054B14672A21}
	EndGlobalSection
EndGlobal
